
Microsoft Visual Studio Solution File, Format Version 12.00
# Visual Studio Version 17
VisualStudioVersion = 17.5.33530.505
MinimumVisualStudioVersion = 10.0.40219.1
Project("{FAE04EC0-301F-11D3-BF4B-00C04F79EFBC}") = "SampelEnitityFramework-DatabaseFirst", "SampelEnitityFramework-DatabaseFirst\SampelEnitityFramework-DatabaseFirst.csproj", "{A420A53C-AB62-4D7E-9C66-3C21DBB06F42}"
EndProject
Global
	GlobalSection(SolutionConfigurationPlatforms) = preSolution
		Debug|Any CPU = Debug|Any CPU
		Release|Any CPU = Release|Any CPU
	EndGlobalSection
	GlobalSection(ProjectConfigurationPlatforms) = postSolution
		{A420A53C-AB62-4D7E-9C66-3C21DBB06F42}.Debug|Any CPU.ActiveCfg = Debug|Any CPU
		{A420A53C-AB62-4D7E-9C66-3C21DBB06F42}.Debug|Any CPU.Build.0 = Debug|Any CPU
		{A420A53C-AB62-4D7E-9C66-3C21DBB06F42}.Release|Any CPU.ActiveCfg = Release|Any CPU
		{A420A53C-AB62-4D7E-9C66-3C21DBB06F42}.Release|Any CPU.Build.0 = Release|Any CPU
	EndGlobalSection
	GlobalSection(SolutionProperties) = preSolution
		HideSolutionNode = FALSE
	EndGlobalSection
	GlobalSection(ExtensibilityGlobals) = postSolution
		SolutionGuid = {B836B9A1-5B49-44E3-A843-52988ADA2AC8}
	EndGlobalSection
EndGlobal
